
Microsoft Visual Studio Solution File, Format Version 12.00
# Visual Studio Version 17
VisualStudioVersion = 17.8.34525.116
MinimumVisualStudioVersion = 10.0.40219.1
Project("{FAE04EC0-301F-11D3-BF4B-00C04F79EFBC}") = "tarea 1 - Salarios", "tarea 1 - Salarios\tarea 1 - Salarios.csproj", "{4A017681-6049-4F0A-B8C2-1CB7C88450B0}"
EndProject
Global
	GlobalSection(SolutionConfigurationPlatforms) = preSolution
		Debug|Any CPU = Debug|Any CPU
		Release|Any CPU = Release|Any CPU
	EndGlobalSection
	GlobalSection(ProjectConfigurationPlatforms) = postSolution
		{4A017681-6049-4F0A-B8C2-1CB7C88450B0}.Debug|Any CPU.ActiveCfg = Debug|Any CPU
		{4A017681-6049-4F0A-B8C2-1CB7C88450B0}.Debug|Any CPU.Build.0 = Debug|Any CPU
		{4A017681-6049-4F0A-B8C2-1CB7C88450B0}.Release|Any CPU.ActiveCfg = Release|Any CPU
		{4A017681-6049-4F0A-B8C2-1CB7C88450B0}.Release|Any CPU.Build.0 = Release|Any CPU
	EndGlobalSection
	GlobalSection(SolutionProperties) = preSolution
		HideSolutionNode = FALSE
	EndGlobalSection
	GlobalSection(ExtensibilityGlobals) = postSolution
		SolutionGuid = {569359B2-096A-45BC-8921-6D8EC3EC7542}
	EndGlobalSection
EndGlobal
